
Microsoft Visual Studio Solution File, Format Version 12.00
# Visual Studio Version 16
VisualStudioVersion = 16.0.30330.147
MinimumVisualStudioVersion = 10.0.40219.1
Project("{FAE04EC0-301F-11D3-BF4B-00C04F79EFBC}") = "SimpleWebApplication2", "SimpleWebApplication2\SimpleWebApplication2.csproj", "{1817C369-4020-4037-B3CC-C110ABF9C28D}"
EndProject
Global
	GlobalSection(SolutionConfigurationPlatforms) = preSolution
		Debug|Any CPU = Debug|Any CPU
		Release|Any CPU = Release|Any CPU
	EndGlobalSection
	GlobalSection(ProjectConfigurationPlatforms) = postSolution
		{1817C369-4020-4037-B3CC-C110ABF9C28D}.Debug|Any CPU.ActiveCfg = Debug|Any CPU
		{1817C369-4020-4037-B3CC-C110ABF9C28D}.Debug|Any CPU.Build.0 = Debug|Any CPU
		{1817C369-4020-4037-B3CC-C110ABF9C28D}.Release|Any CPU.ActiveCfg = Release|Any CPU
		{1817C369-4020-4037-B3CC-C110ABF9C28D}.Release|Any CPU.Build.0 = Release|Any CPU
	EndGlobalSection
	GlobalSection(SolutionProperties) = preSolution
		HideSolutionNode = FALSE
	EndGlobalSection
	GlobalSection(ExtensibilityGlobals) = postSolution
		SolutionGuid = {4D4A7AB0-15B8-4B13-92F8-C65C26B6F33E}
	EndGlobalSection
EndGlobal
